
Microsoft Visual Studio Solution File, Format Version 12.00
# Visual Studio Version 17
VisualStudioVersion = 17.7.34031.279
MinimumVisualStudioVersion = 10.0.40219.1
Project("{FAE04EC0-301F-11D3-BF4B-00C04F79EFBC}") = "CajeroMenuC", "CajeroMenuC.csproj", "{F90296E9-51DC-4863-86D4-DE9010DA111D}"
EndProject
Global
	GlobalSection(SolutionConfigurationPlatforms) = preSolution
		Debug|Any CPU = Debug|Any CPU
		Release|Any CPU = Release|Any CPU
	EndGlobalSection
	GlobalSection(ProjectConfigurationPlatforms) = postSolution
		{F90296E9-51DC-4863-86D4-DE9010DA111D}.Debug|Any CPU.ActiveCfg = Debug|Any CPU
		{F90296E9-51DC-4863-86D4-DE9010DA111D}.Debug|Any CPU.Build.0 = Debug|Any CPU
		{F90296E9-51DC-4863-86D4-DE9010DA111D}.Release|Any CPU.ActiveCfg = Release|Any CPU
		{F90296E9-51DC-4863-86D4-DE9010DA111D}.Release|Any CPU.Build.0 = Release|Any CPU
	EndGlobalSection
	GlobalSection(SolutionProperties) = preSolution
		HideSolutionNode = FALSE
	EndGlobalSection
	GlobalSection(ExtensibilityGlobals) = postSolution
		SolutionGuid = {E2FB261F-E316-4D76-9034-F730452D5BEF}
	EndGlobalSection
EndGlobal
